
Microsoft Visual Studio Solution File, Format Version 12.00
# Visual Studio Version 17
VisualStudioVersion = 17.7.34024.191
MinimumVisualStudioVersion = 10.0.40219.1
Project("{FAE04EC0-301F-11D3-BF4B-00C04F79EFBC}") = "ResponsiBoss.Api", "ResponsiBoss.Api\ResponsiBoss.Api.csproj", "{F6009914-6762-4A91-B2F6-CBBA9B536424}"
EndProject
Global
	GlobalSection(SolutionConfigurationPlatforms) = preSolution
		Debug|Any CPU = Debug|Any CPU
		Release|Any CPU = Release|Any CPU
	EndGlobalSection
	GlobalSection(ProjectConfigurationPlatforms) = postSolution
		{F6009914-6762-4A91-B2F6-CBBA9B536424}.Debug|Any CPU.ActiveCfg = Debug|Any CPU
		{F6009914-6762-4A91-B2F6-CBBA9B536424}.Debug|Any CPU.Build.0 = Debug|Any CPU
		{F6009914-6762-4A91-B2F6-CBBA9B536424}.Release|Any CPU.ActiveCfg = Release|Any CPU
		{F6009914-6762-4A91-B2F6-CBBA9B536424}.Release|Any CPU.Build.0 = Release|Any CPU
	EndGlobalSection
	GlobalSection(SolutionProperties) = preSolution
		HideSolutionNode = FALSE
	EndGlobalSection
	GlobalSection(ExtensibilityGlobals) = postSolution
		SolutionGuid = {F665D101-8762-4000-8F7D-D790BEE2F1D7}
	EndGlobalSection
EndGlobal
